
Microsoft Visual Studio Solution File, Format Version 12.00
# Visual Studio Version 16
VisualStudioVersion = 16.0.29613.14
MinimumVisualStudioVersion = 10.0.40219.1
Project("{FAE04EC0-301F-11D3-BF4B-00C04F79EFBC}") = "GH_CreatePdf", "GH_CreatePdf\GH_CreatePdf.csproj", "{C5926B66-F774-4759-AB2E-DD83C9FA3C61}"
EndProject
Global
	GlobalSection(SolutionConfigurationPlatforms) = preSolution
		Debug|Any CPU = Debug|Any CPU
		Release|Any CPU = Release|Any CPU
	EndGlobalSection
	GlobalSection(ProjectConfigurationPlatforms) = postSolution
		{C5926B66-F774-4759-AB2E-DD83C9FA3C61}.Debug|Any CPU.ActiveCfg = Debug|Any CPU
		{C5926B66-F774-4759-AB2E-DD83C9FA3C61}.Debug|Any CPU.Build.0 = Debug|Any CPU
		{C5926B66-F774-4759-AB2E-DD83C9FA3C61}.Release|Any CPU.ActiveCfg = Release|Any CPU
		{C5926B66-F774-4759-AB2E-DD83C9FA3C61}.Release|Any CPU.Build.0 = Release|Any CPU
	EndGlobalSection
	GlobalSection(SolutionProperties) = preSolution
		HideSolutionNode = FALSE
	EndGlobalSection
	GlobalSection(ExtensibilityGlobals) = postSolution
		SolutionGuid = {5A859EB9-EF3B-424C-A921-AE94D0CB3755}
	EndGlobalSection
EndGlobal
